{
  "name": "populasjonstilgangskontroll",
  "lockfileVersion": 3,
  "requires": true,
  "packages": {
    "": {
      "dependencies": {
        "@navikt/ds-css": "^8.16.2"
      }
    },
    "node_modules/@navikt/ds-css": {
      "version": "8.16.2",
      "resolved": "https://registry.npmjs.org/@navikt/ds-css/-/ds-css-8.16.2.tgz",
      "integrity": "sha512-RMKKQ1OTXGPwSGPsWEvOXpRTxA+QhnHc4oGG0ePg7AeeGQvYE/VjtySL2ddOYwAR8BygyvuB/sDrjm5AkQQ0cw==",
      "license": "MIT"
    }
  }
}
